
Microsoft Visual Studio Solution File, Format Version 12.00
# Visual Studio Version 16
VisualStudioVersion = 16.0.31129.286
MinimumVisualStudioVersion = 10.0.40219.1
Project("{FAE04EC0-301F-11D3-BF4B-00C04F79EFBC}") = "AspNet_JWT", "AspNet_JWT.csproj", "{5A98DFA1-F733-4DC5-91BC-5BD01EC37899}"
EndProject
Global
	GlobalSection(SolutionConfigurationPlatforms) = preSolution
		Debug|Any CPU = Debug|Any CPU
		Release|Any CPU = Release|Any CPU
	EndGlobalSection
	GlobalSection(ProjectConfigurationPlatforms) = postSolution
		{5A98DFA1-F733-4DC5-91BC-5BD01EC37899}.Debug|Any CPU.ActiveCfg = Debug|Any CPU
		{5A98DFA1-F733-4DC5-91BC-5BD01EC37899}.Debug|Any CPU.Build.0 = Debug|Any CPU
		{5A98DFA1-F733-4DC5-91BC-5BD01EC37899}.Release|Any CPU.ActiveCfg = Release|Any CPU
		{5A98DFA1-F733-4DC5-91BC-5BD01EC37899}.Release|Any CPU.Build.0 = Release|Any CPU
	EndGlobalSection
	GlobalSection(SolutionProperties) = preSolution
		HideSolutionNode = FALSE
	EndGlobalSection
	GlobalSection(ExtensibilityGlobals) = postSolution
		SolutionGuid = {F0324809-D99C-4B43-9377-77190581F0DE}
	EndGlobalSection
EndGlobal
